// !$*UTF8*$!
{
	archiveVersion = 1;
	classes = {
	};
	objectVersion = 50;
	objects = {

/* Begin PBXBuildFile section */
		92444ED9268928EF00EF855B /* AppDelegate.swift in Sources */ = {isa = PBXBuildFile; fileRef = 92444ED8268928EF00EF855B /* AppDelegate.swift */; };
		92444EDB268928EF00EF855B /* SceneDelegate.swift in Sources */ = {isa = PBXBuildFile; fileRef = 92444EDA268928EF00EF855B /* SceneDelegate.swift */; };
		92444EDD268928EF00EF855B /* ViewController.swift in Sources */ = {isa = PBXBuildFile; fileRef = 92444EDC268928EF00EF855B /* ViewController.swift */; };
		92444EE0268928EF00EF855B /* Main.storyboard in Resources */ = {isa = PBXBuildFile; fileRef = 92444EDE268928EF00EF855B /* Main.storyboard */; };
		92444EE2268928EF00EF855B /* Assets.xcassets in Resources */ = {isa = PBXBuildFile; fileRef = 92444EE1268928EF00EF855B /* Assets.xcassets */; };
		92444EE5268928EF00EF855B /* LaunchScreen.storyboard in Resources */ = {isa = PBXBuildFile; fileRef = 92444EE3268928EF00EF855B /* LaunchScreen.storyboard */; };
		92444EF0268928F000EF855B /* CarsTests.swift in Sources */ = {isa = PBXBuildFile; fileRef = 92444EEF268928F000EF855B /* CarsTests.swift */; };
		92444EFB268928F000EF855B /* CarsUITests.swift in Sources */ = {isa = PBXBuildFile; fileRef = 92444EFA268928F000EF855B /* CarsUITests.swift */; };
/* End PBXBuildFile section */

/* Begin PBXContainerItemProxy section */
		92444EEC268928F000EF855B /* PBXContainerItemProxy */ = {
			isa = PBXContainerItemProxy;
			containerPortal = 92444ECD268928EF00EF855B /* Project object */;
			proxyType = 1;
			remoteGlobalIDString = 92444ED4268928EF00EF855B;
			remoteInfo = Cars;
		};
		92444EF7268928F000EF855B /* PBXContainerItemProxy */ = {
			isa = PBXContainerItemProxy;
			containerPortal = 92444ECD268928EF00EF855B /* Project object */;
			proxyType = 1;
			remoteGlobalIDString = 92444ED4268928EF00EF855B;
			remoteInfo = Cars;
		};
/* End PBXContainerItemProxy section */

/* Begin PBXFileReference section */
		92444ED5268928EF00EF855B /* Cars.app */ = {isa = PBXFileReference; explicitFileType = wrapper.application; includeInIndex = 0; path = Cars.app; sourceTree = BUILT_PRODUCTS_DIR; };
		92444ED8268928EF00EF855B /* AppDelegate.swift */ = {isa = PBXFileReference; lastKnownFileType = sourcecode.swift; path = AppDelegate.swift; sourceTree = "<group>"; };
		92444EDA268928EF00EF855B /* SceneDelegate.swift */ = {isa = PBXFileReference; lastKnownFileType = sourcecode.swift; path = SceneDelegate.swift; sourceTree = "<group>"; };
		92444EDC268928EF00EF855B /* ViewController.swift */ = {isa = PBXFileReference; lastKnownFileType = sourcecode.swift; path = ViewController.swift; sourceTree = "<group>"; };
		92444EDF268928EF00EF855B /* Base */ = {isa = PBXFileReference; lastKnownFileType = file.storyboard; name = Base; path = Base.lproj/Main.storyboard; sourceTree = "<group>"; };
		92444EE1268928EF00EF855B /* Assets.xcassets */ = {isa = PBXFileReference; lastKnownFileType = folder.assetcatalog; path = Assets.xcassets; sourceTree = "<group>"; };
		92444EE4268928EF00EF855B /* Base */ = {isa = PBXFileReference; lastKnownFileType = file.storyboard; name = Base; path = Base.lproj/LaunchScreen.storyboard; sourceTree = "<group>"; };
		92444EE6268928EF00EF855B /* Info.plist */ = {isa = PBXFileReference; lastKnownFileType = text.plist.xml; path = Info.plist; sourceTree = "<group>"; };
		92444EEB268928F000EF855B /* CarsTests.xctest */ = {isa = PBXFileReference; explicitFileType = wrapper.cfbundle; includeInIndex = 0; path = CarsTests.xctest; sourceTree = BUILT_PRODUCTS_DIR; };
		92444EEF268928F000EF855B /* CarsTests.swift */ = {isa = PBXFileReference; lastKnownFileType = sourcecode.swift; path = CarsTests.swift; sourceTree = "<group>"; };
		92444EF1268928F000EF855B /* Info.plist */ = {isa = PBXFileReference; lastKnownFileType = text.plist.xml; path = Info.plist; sourceTree = "<group>"; };
		92444EF6268928F000EF855B /* CarsUITests.xctest */ = {isa = PBXFileReference; explicitFileType = wrapper.cfbundle; includeInIndex = 0; path = CarsUITests.xctest; sourceTree = BUILT_PRODUCTS_DIR; };
		92444EFA268928F000EF855B /* CarsUITests.swift */ = {isa = PBXFileReference; lastKnownFileType = sourcecode.swift; path = CarsUITests.swift; sourceTree = "<group>"; };
		92444EFC268928F000EF855B /* Info.plist */ = {isa = PBXFileReference; lastKnownFileType = text.plist.xml; path = Info.plist; sourceTree = "<group>"; };
/* End PBXFileReference section */

/* Begin PBXFrameworksBuildPhase section */
		92444ED2268928EF00EF855B /* Frameworks */ = {
			isa = PBXFrameworksBuildPhase;
			buildActionMask = 2147483647;
			files = (
			);
			runOnlyForDeploymentPostprocessing = 0;
		};
		92444EE8268928F000EF855B /* Frameworks */ = {
			isa = PBXFrameworksBuildPhase;
			buildActionMask = 2147483647;
			files = (
			);
			runOnlyForDeploymentPostprocessing = 0;
		};
		92444EF3268928F000EF855B /* Frameworks */ = {
			isa = PBXFrameworksBuildPhase;
			buildActionMask = 2147483647;
			files = (
			);
			runOnlyForDeploymentPostprocessing = 0;
		};
/* End PBXFrameworksBuildPhase section */

/* Begin PBXGroup section */
		92444ECC268928EF00EF855B = {
			isa = PBXGroup;
			children = (
				92444ED7268928EF00EF855B /* Cars */,
				92444EEE268928F000EF855B /* CarsTests */,
				92444EF9268928F000EF855B /* CarsUITests */,
				92444ED6268928EF00EF855B /* Products */,
			);
			sourceTree = "<group>";
		};
		92444ED6268928EF00EF855B /* Products */ = {
			isa = PBXGroup;
			children = (
				92444ED5268928EF00EF855B /* Cars.app */,
				92444EEB268928F000EF855B /* CarsTests.xctest */,
				92444EF6268928F000EF855B /* CarsUITests.xctest */,
			);
			name = Products;
			sourceTree = "<group>";
		};
		92444ED7268928EF00EF855B /* Cars */ = {
			isa = PBXGroup;
			children = (
				92444ED8268928EF00EF855B /* AppDelegate.swift */,
				92444EDA268928EF00EF855B /* SceneDelegate.swift */,
				92444EDC268928EF00EF855B /* ViewController.swift */,
				92444EDE268928EF00EF855B /* Main.storyboard */,
				92444EE1268928EF00EF855B /* Assets.xcassets */,
				92444EE3268928EF00EF855B /* LaunchScreen.storyboard */,
				92444EE6268928EF00EF855B /* Info.plist */,
			);
			path = Cars;
			sourceTree = "<group>";
		};
		92444EEE268928F000EF855B /* CarsTests */ = {
			isa = PBXGroup;
			children = (
				92444EEF268928F000EF855B /* CarsTests.swift */,
				92444EF1268928F000EF855B /* Info.plist */,
			);
			path = CarsTests;
			sourceTree = "<group>";
		};
		92444EF9268928F000EF855B /* CarsUITests */ = {
			isa = PBXGroup;
			children = (
				92444EFA268928F000EF855B /* CarsUITests.swift */,
				92444EFC268928F000EF855B /* Info.plist */,
			);
			path = CarsUITests;
			sourceTree = "<group>";
		};
/* End PBXGroup section */

/* Begin PBXNativeTarget section */
		92444ED4268928EF00EF855B /* Cars */ = {
			isa = PBXNativeTarget;
			buildConfigurationList = 92444EFF268928F000EF855B /* Build configuration list for PBXNativeTarget "Cars" */;
			buildPhases = (
				92444ED1268928EF00EF855B /* Sources */,
				92444ED2268928EF00EF855B /* Frameworks */,
				92444ED3268928EF00EF855B /* Resources */,
			);
			buildRules = (
			);
			dependencies = (
			);
			name = Cars;
			productName = Cars;
			productReference = 92444ED5268928EF00EF855B /* Cars.app */;
			productType = "com.apple.product-type.application";
		};
		92444EEA268928F000EF855B /* CarsTests */ = {
			isa = PBXNativeTarget;
			buildConfigurationList = 92444F02268928F000EF855B /* Build configuration list for PBXNativeTarget "CarsTests" */;
			buildPhases = (
				92444EE7268928F000EF855B /* Sources */,
				92444EE8268928F000EF855B /* Frameworks */,
				92444EE9268928F000EF855B /* Resources */,
			);
			buildRules = (
			);
			dependencies = (
				92444EED268928F000EF855B /* PBXTargetDependency */,
			);
			name = CarsTests;
			productName = CarsTests;
			productReference = 92444EEB268928F000EF855B /* CarsTests.xctest */;
			productType = "com.apple.product-type.bundle.unit-test";
		};
		92444EF5268928F000EF855B /* CarsUITests */ = {
			isa = PBXNativeTarget;
			buildConfigurationList = 92444F05268928F000EF855B /* Build configuration list for PBXNativeTarget "CarsUITests" */;
			buildPhases = (
				92444EF2268928F000EF855B /* Sources */,
				92444EF3268928F000EF855B /* Frameworks */,
				92444EF4268928F000EF855B /* Resources */,
			);
			buildRules = (
			);
			dependencies = (
				92444EF8268928F000EF855B /* PBXTargetDependency */,
			);
			name = CarsUITests;
			productName = CarsUITests;
			productReference = 92444EF6268928F000EF855B /* CarsUITests.xctest */;
			productType = "com.apple.product-type.bundle.ui-testing";
		};
/* End PBXNativeTarget section */

/* Begin PBXProject section */
		92444ECD268928EF00EF855B /* Project object */ = {
			isa = PBXProject;
			attributes = {
				LastSwiftUpdateCheck = 1240;
				LastUpgradeCheck = 1240;
				TargetAttributes = {
					92444ED4268928EF00EF855B = {
						CreatedOnToolsVersion = 12.4;
					};
					92444EEA268928F000EF855B = {
						CreatedOnToolsVersion = 12.4;
						TestTargetID = 92444ED4268928EF00EF855B;
					};
					92444EF5268928F000EF855B = {
						CreatedOnToolsVersion = 12.4;
						TestTargetID = 92444ED4268928EF00EF855B;
					};
				};
			};
			buildConfigurationList = 92444ED0268928EF00EF855B /* Build configuration list for PBXProject "Cars" */;
			compatibilityVersion = "Xcode 9.3";
			developmentRegion = en;
			hasScannedForEncodings = 0;
			knownRegions = (
				en,
				Base,
			);
			mainGroup = 92444ECC268928EF00EF855B;
			productRefGroup = 92444ED6268928EF00EF855B /* Products */;
			projectDirPath = "";
			projectRoot = "";
			targets = (
				92444ED4268928EF00EF855B /* Cars */,
				92444EEA268928F000EF855B /* CarsTests */,
				92444EF5268928F000EF855B /* CarsUITests */,
			);
		};
/* End PBXProject section */

/* Begin PBXResourcesBuildPhase section */
		92444ED3268928EF00EF855B /* Resources */ = {
			isa = PBXResourcesBuildPhase;
			buildActionMask = 2147483647;
			files = (
				92444EE5268928EF00EF855B /* LaunchScreen.storyboard in Resources */,
				92444EE2268928EF00EF855B /* Assets.xcassets in Resources */,
				92444EE0268928EF00EF855B /* Main.storyboard in Resources */,
			);
			runOnlyForDeploymentPostprocessing = 0;
		};
		92444EE9268928F000EF855B /* Resources */ = {
			isa = PBXResourcesBuildPhase;
			buildActionMask = 2147483647;
			files = (
			);
			runOnlyForDeploymentPostprocessing = 0;
		};
		92444EF4268928F000EF855B /* Resources */ = {
			isa = PBXResourcesBuildPhase;
			buildActionMask = 2147483647;
			files = (
			);
			runOnlyForDeploymentPostprocessing = 0;
		};
/* End PBXResourcesBuildPhase section */

/* Begin PBXSourcesBuildPhase section */
		92444ED1268928EF00EF855B /* Sources */ = {
			isa = PBXSourcesBuildPhase;
			buildActionMask = 2147483647;
			files = (
				92444EDD268928EF00EF855B /* ViewController.swift in Sources */,
				92444ED9268928EF00EF855B /* AppDelegate.swift in Sources */,
				92444EDB268928EF00EF855B /* SceneDelegate.swift in Sources */,
			);
			runOnlyForDeploymentPostprocessing = 0;
		};
		92444EE7268928F000EF855B /* Sources */ = {
			isa = PBXSourcesBuildPhase;
			buildActionMask = 2147483647;
			files = (
				92444EF0268928F000EF855B /* CarsTests.swift in Sources */,
			);
			runOnlyForDeploymentPostprocessing = 0;
		};
		92444EF2268928F000EF855B /* Sources */ = {
			isa = PBXSourcesBuildPhase;
			buildActionMask = 2147483647;
			files = (
				92444EFB268928F000EF855B /* CarsUITests.swift in Sources */,
			);
			runOnlyForDeploymentPostprocessing = 0;
		};
/* End PBXSourcesBuildPhase section */

/* Begin PBXTargetDependency section */
		92444EED268928F000EF855B /* PBXTargetDependency */ = {
			isa = PBXTargetDependency;
			target = 92444ED4268928EF00EF855B /* Cars */;
			targetProxy = 92444EEC268928F000EF855B /* PBXContainerItemProxy */;
		};
		92444EF8268928F000EF855B /* PBXTargetDependency */ = {
			isa = PBXTargetDependency;
			target = 92444ED4268928EF00EF855B /* Cars */;
			targetProxy = 92444EF7268928F000EF855B /* PBXContainerItemProxy */;
		};
/* End PBXTargetDependency section */

/* Begin PBXVariantGroup section */
		92444EDE268928EF00EF855B /* Main.storyboard */ = {
			isa = PBXVariantGroup;
			children = (
				92444EDF268928EF00EF855B /* Base */,
			);
			name = Main.storyboard;
			sourceTree = "<group>";
		};
		92444EE3268928EF00EF855B /* LaunchScreen.storyboard */ = {
			isa = PBXVariantGroup;
			children = (
				92444EE4268928EF00EF855B /* Base */,
			);
			name = LaunchScreen.storyboard;
			sourceTree = "<group>";
		};
/* End PBXVariantGroup section */

/* Begin XCBuildConfiguration section */
		92444EFD268928F000EF855B /* Debug */ = {
			isa = XCBuildConfiguration;
			buildSettings = {
				ALWAYS_SEARCH_USER_PATHS = NO;
				CLANG_ANALYZER_NONNULL = YES;
				CLANG_ANALYZER_NUMBER_OBJECT_CONVERSION = YES_AGGRESSIVE;
				CLANG_CXX_LANGUAGE_STANDARD = "gnu++14";
				CLANG_CXX_LIBRARY = "libc++";
				CLANG_ENABLE_MODULES = YES;
				CLANG_ENABLE_OBJC_ARC = YES;
				CLANG_ENABLE_OBJC_WEAK = YES;
				CLANG_WARN_BLOCK_CAPTURE_AUTORELEASING = YES;
				CLANG_WARN_BOOL_CONVERSION = YES;
				CLANG_WARN_COMMA = YES;
				CLANG_WARN_CONSTANT_CONVERSION = YES;
				CLANG_WARN_DEPRECATED_OBJC_IMPLEMENTATIONS = YES;
				CLANG_WARN_DIRECT_OBJC_ISA_USAGE = YES_ERROR;
				CLANG_WARN_DOCUMENTATION_COMMENTS = YES;
				CLANG_WARN_EMPTY_BODY = YES;
				CLANG_WARN_ENUM_CONVERSION = YES;
				CLANG_WARN_INFINITE_RECURSION = YES;
				CLANG_WARN_INT_CONVERSION = YES;
				CLANG_WARN_NON_LITERAL_NULL_CONVERSION = YES;
				CLANG_WARN_OBJC_IMPLICIT_RETAIN_SELF = YES;
				CLANG_WARN_OBJC_LITERAL_CONVERSION = YES;
				CLANG_WARN_OBJC_ROOT_CLASS = YES_ERROR;
				CLANG_WARN_QUOTED_INCLUDE_IN_FRAMEWORK_HEADER = YES;
				CLANG_WARN_RANGE_LOOP_ANALYSIS = YES;
				CLANG_WARN_STRICT_PROTOTYPES = YES;
				CLANG_WARN_SUSPICIOUS_MOVE = YES;
				CLANG_WARN_UNGUARDED_AVAILABILITY = YES_AGGRESSIVE;
				CLANG_WARN_UNREACHABLE_CODE = YES;
				CLANG_WARN__DUPLICATE_METHOD_MATCH = YES;
				COPY_PHASE_STRIP = NO;
				DEBUG_INFORMATION_FORMAT = dwarf;
				ENABLE_STRICT_OBJC_MSGSEND = YES;
				ENABLE_TESTABILITY = YES;
				GCC_C_LANGUAGE_STANDARD = gnu11;
				GCC_DYNAMIC_NO_PIC = NO;
				GCC_NO_COMMON_BLOCKS = YES;
				GCC_OPTIMIZATION_LEVEL = 0;
				GCC_PREPROCESSOR_DEFINITIONS = (
					"DEBUG=1",
					"$(inherited)",
				);
				GCC_WARN_64_TO_32_BIT_CONVERSION = YES;
				GCC_WARN_ABOUT_RETURN_TYPE = YES_ERROR;
				GCC_WARN_UNDECLARED_SELECTOR = YES;
				GCC_WARN_UNINITIALIZED_AUTOS = YES_AGGRESSIVE;
				GCC_WARN_UNUSED_FUNCTION = YES;
				GCC_WARN_UNUSED_VARIABLE = YES;
				IPHONEOS_DEPLOYMENT_TARGET = 14.4;
				MTL_ENABLE_DEBUG_INFO = INCLUDE_SOURCE;
				MTL_FAST_MATH = YES;
				ONLY_ACTIVE_ARCH = YES;
				SDKROOT = iphoneos;
				SWIFT_ACTIVE_COMPILATION_CONDITIONS = DEBUG;
				SWIFT_OPTIMIZATION_LEVEL = "-Onone";
			};
			name = Debug;
		};
		92444EFE268928F000EF855B /* Release */ = {
			isa = XCBuildConfiguration;
			buildSettings = {
				ALWAYS_SEARCH_USER_PATHS = NO;
				CLANG_ANALYZER_NONNULL = YES;
				CLANG_ANALYZER_NUMBER_OBJECT_CONVERSION = YES_AGGRESSIVE;
				CLANG_CXX_LANGUAGE_STANDARD = "gnu++14";
				CLANG_CXX_LIBRARY = "libc++";
				CLANG_ENABLE_MODULES = YES;
				CLANG_ENABLE_OBJC_ARC = YES;
				CLANG_ENABLE_OBJC_WEAK = YES;
				CLANG_WARN_BLOCK_CAPTURE_AUTORELEASING = YES;
				CLANG_WARN_BOOL_CONVERSION = YES;
				CLANG_WARN_COMMA = YES;
				CLANG_WARN_CONSTANT_CONVERSION = YES;
				CLANG_WARN_DEPRECATED_OBJC_IMPLEMENTATIONS = YES;
				CLANG_WARN_DIRECT_OBJC_ISA_USAGE = YES_ERROR;
				CLANG_WARN_DOCUMENTATION_COMMENTS = YES;
				CLANG_WARN_EMPTY_BODY = YES;
				CLANG_WARN_ENUM_CONVERSION = YES;
				CLANG_WARN_INFINITE_RECURSION = YES;
				CLANG_WARN_INT_CONVERSION = YES;
				CLANG_WARN_NON_LITERAL_NULL_CONVERSION = YES;
				CLANG_WARN_OBJC_IMPLICIT_RETAIN_SELF = YES;
				CLANG_WARN_OBJC_LITERAL_CONVERSION = YES;
				CLANG_WARN_OBJC_ROOT_CLASS = YES_ERROR;
				CLANG_WARN_QUOTED_INCLUDE_IN_FRAMEWORK_HEADER = YES;
				CLANG_WARN_RANGE_LOOP_ANALYSIS = YES;
				CLANG_WARN_STRICT_PROTOTYPES = YES;
				CLANG_WARN_SUSPICIOUS_MOVE = YES;
				CLANG_WARN_UNGUARDED_AVAILABILITY = YES_AGGRESSIVE;
				CLANG_WARN_UNREACHABLE_CODE = YES;
				CLANG_WARN__DUPLICATE_METHOD_MATCH = YES;
				COPY_PHASE_STRIP = NO;
				DEBUG_INFORMATION_FORMAT = "dwarf-with-dsym";
				ENABLE_NS_ASSERTIONS = NO;
				ENABLE_STRICT_OBJC_MSGSEND = YES;
				GCC_C_LANGUAGE_STANDARD = gnu11;
				GCC_NO_COMMON_BLOCKS = YES;
				GCC_WARN_64_TO_32_BIT_CONVERSION = YES;
				GCC_WARN_ABOUT_RETURN_TYPE = YES_ERROR;
				GCC_WARN_UNDECLARED_SELECTOR = YES;
				GCC_WARN_UNINITIALIZED_AUTOS = YES_AGGRESSIVE;
				GCC_WARN_UNUSED_FUNCTION = YES;
				GCC_WARN_UNUSED_VARIABLE = YES;
				IPHONEOS_DEPLOYMENT_TARGET = 14.4;
				MTL_ENABLE_DEBUG_INFO = NO;
				MTL_FAST_MATH = YES;
				SDKROOT = iphoneos;
				SWIFT_COMPILATION_MODE = wholemodule;
				SWIFT_OPTIMIZATION_LEVEL = "-O";
				VALIDATE_PRODUCT = YES;
			};
			name = Release;
		};
		92444F00268928F000EF855B /* Debug */ = {
			isa = XCBuildConfiguration;
			buildSettings = {
				ASSETCATALOG_COMPILER_APPICON_NAME = AppIcon;
				ASSETCATALOG_COMPILER_GLOBAL_ACCENT_COLOR_NAME = AccentColor;
				CODE_SIGN_STYLE = Automatic;
				INFOPLIST_FILE = Cars/Info.plist;
				LD_RUNPATH_SEARCH_PATHS = (
					"$(inherited)",
					"@executable_path/Frameworks",
				);
				PRODUCT_BUNDLE_IDENTIFIER = jose.Cars;
				PRODUCT_NAME = "$(TARGET_NAME)";
				SWIFT_VERSION = 5.0;
				TARGETED_DEVICE_FAMILY = "1,2";
			};
			name = Debug;
		};
		92444F01268928F000EF855B /* Release */ = {
			isa = XCBuildConfiguration;
			buildSettings = {
				ASSETCATALOG_COMPILER_APPICON_NAME = AppIcon;
				ASSETCATALOG_COMPILER_GLOBAL_ACCENT_COLOR_NAME = AccentColor;
				CODE_SIGN_STYLE = Automatic;
				INFOPLIST_FILE = Cars/Info.plist;
				LD_RUNPATH_SEARCH_PATHS = (
					"$(inherited)",
					"@executable_path/Frameworks",
				);
				PRODUCT_BUNDLE_IDENTIFIER = jose.Cars;
				PRODUCT_NAME = "$(TARGET_NAME)";
				SWIFT_VERSION = 5.0;
				TARGETED_DEVICE_FAMILY = "1,2";
			};
			name = Release;
		};
		92444F03268928F000EF855B /* Debug */ = {
			isa = XCBuildConfiguration;
			buildSettings = {
				ALWAYS_EMBED_SWIFT_STANDARD_LIBRARIES = YES;
				BUNDLE_LOADER = "$(TEST_HOST)";
				CODE_SIGN_STYLE = Automatic;
				INFOPLIST_FILE = CarsTests/Info.plist;
				IPHONEOS_DEPLOYMENT_TARGET = 14.4;
				LD_RUNPATH_SEARCH_PATHS = (
					"$(inherited)",
					"@executable_path/Frameworks",
					"@loader_path/Frameworks",
				);
				PRODUCT_BUNDLE_IDENTIFIER = jose.CarsTests;
				PRODUCT_NAME = "$(TARGET_NAME)";
				SWIFT_VERSION = 5.0;
				TARGETED_DEVICE_FAMILY = "1,2";
				TEST_HOST = "$(BUILT_PRODUCTS_DIR)/Cars.app/Cars";
			};
			name = Debug;
		};
		92444F04268928F000EF855B /* Release */ = {
			isa = XCBuildConfiguration;
			buildSettings = {
				ALWAYS_EMBED_SWIFT_STANDARD_LIBRARIES = YES;
				BUNDLE_LOADER = "$(TEST_HOST)";
				CODE_SIGN_STYLE = Automatic;
				INFOPLIST_FILE = CarsTests/Info.plist;
				IPHONEOS_DEPLOYMENT_TARGET = 14.4;
				LD_RUNPATH_SEARCH_PATHS = (
					"$(inherited)",
					"@executable_path/Frameworks",
					"@loader_path/Frameworks",
				);
				PRODUCT_BUNDLE_IDENTIFIER = jose.CarsTests;
				PRODUCT_NAME = "$(TARGET_NAME)";
				SWIFT_VERSION = 5.0;
				TARGETED_DEVICE_FAMILY = "1,2";
				TEST_HOST = "$(BUILT_PRODUCTS_DIR)/Cars.app/Cars";
			};
			name = Release;
		};
		92444F06268928F000EF855B /* Debug */ = {
			isa = XCBuildConfiguration;
			buildSettings = {
				ALWAYS_EMBED_SWIFT_STANDARD_LIBRARIES = YES;
				CODE_SIGN_STYLE = Automatic;
				INFOPLIST_FILE = CarsUITests/Info.plist;
				LD_RUNPATH_SEARCH_PATHS = (
					"$(inherited)",
					"@executable_path/Frameworks",
					"@loader_path/Frameworks",
				);
				PRODUCT_BUNDLE_IDENTIFIER = jose.CarsUITests;
				PRODUCT_NAME = "$(TARGET_NAME)";
				SWIFT_VERSION = 5.0;
				TARGETED_DEVICE_FAMILY = "1,2";
				TEST_TARGET_NAME = Cars;
			};
			name = Debug;
		};
		92444F07268928F000EF855B /* Release */ = {
			isa = XCBuildConfiguration;
			buildSettings = {
				ALWAYS_EMBED_SWIFT_STANDARD_LIBRARIES = YES;
				CODE_SIGN_STYLE = Automatic;
				INFOPLIST_FILE = CarsUITests/Info.plist;
				LD_RUNPATH_SEARCH_PATHS = (
					"$(inherited)",
					"@executable_path/Frameworks",
					"@loader_path/Frameworks",
				);
				PRODUCT_BUNDLE_IDENTIFIER = jose.CarsUITests;
				PRODUCT_NAME = "$(TARGET_NAME)";
				SWIFT_VERSION = 5.0;
				TARGETED_DEVICE_FAMILY = "1,2";
				TEST_TARGET_NAME = Cars;
			};
			name = Release;
		};
/* End XCBuildConfiguration section */

/* Begin XCConfigurationList section */
		92444ED0268928EF00EF855B /* Build configuration list for PBXProject "Cars" */ = {
			isa = XCConfigurationList;
			buildConfigurations = (
				92444EFD268928F000EF855B /* Debug */,
				92444EFE268928F000EF855B /* Release */,
			);
			defaultConfigurationIsVisible = 0;
			defaultConfigurationName = Release;
		};
		92444EFF268928F000EF855B /* Build configuration list for PBXNativeTarget "Cars" */ = {
			isa = XCConfigurationList;
			buildConfigurations = (
				92444F00268928F000EF855B /* Debug */,
				92444F01268928F000EF855B /* Release */,
			);
			defaultConfigurationIsVisible = 0;
			defaultConfigurationName = Release;
		};
		92444F02268928F000EF855B /* Build configuration list for PBXNativeTarget "CarsTests" */ = {
			isa = XCConfigurationList;
			buildConfigurations = (
				92444F03268928F000EF855B /* Debug */,
				92444F04268928F000EF855B /* Release */,
			);
			defaultConfigurationIsVisible = 0;
			defaultConfigurationName = Release;
		};
		92444F05268928F000EF855B /* Build configuration list for PBXNativeTarget "CarsUITests" */ = {
			isa = XCConfigurationList;
			buildConfigurations = (
				92444F06268928F000EF855B /* Debug */,
				92444F07268928F000EF855B /* Release */,
			);
			defaultConfigurationIsVisible = 0;
			defaultConfigurationName = Release;
		};
/* End XCConfigurationList section */
	};
	rootObject = 92444ECD268928EF00EF855B /* Project object */;
}
